<?xml version="1.0" encoding="utf-8"?>
<Project ToolsVersion="4.0" xmlns="http://schemas.microsoft.com/developer/msbuild/2003">
  <ItemGroup>
    <Filter Include="Fichiers sources">
      <UniqueIdentifier>{4FC737F1-C7A5-4376-A066-2A32D752A2FF}</UniqueIdentifier>
      <Extensions>cpp;c;cc;cxx;def;odl;idl;hpj;bat;asm;asmx</Extensions>
    </Filter>
    <Filter Include="Fichiers d%27en-tête">
      <UniqueIdentifier>{93995380-89BD-4b04-88EB-625FBE52EBFB}</UniqueIdentifier>
      <Extensions>h;hh;hpp;hxx;hm;inl;inc;xsd</Extensions>
    </Filter>
    <Filter Include="Fichiers de ressources">
      <UniqueIdentifier>{67DA6AB6-F800-4c08-8B7A-83BB121AAD01}</UniqueIdentifier>
      <Extensions>rc;ico;cur;bmp;dlg;rc2;rct;bin;rgs;gif;jpg;jpeg;jpe;resx;tiff;tif;png;wav;mfcribbon-ms</Extensions>
    </Filter>
  </ItemGroup>
  <ItemGroup>
    <ClCompile Include="main.cpp">
      <Filter>Fichiers sources</Filter>
    </ClCompile>
    <ClCompile Include="PNJ.cpp">
      <Filter>Fichiers sources</Filter>
    </ClCompile>
  </ItemGroup>
  <ItemGroup>
    <Image Include="map.png">
      <Filter>Fichiers de ressources</Filter>
    </Image>
    <Image Include="sprite.png">
      <Filter>Fichiers de ressources</Filter>
    </Image>
    <Image Include="sprite_foulard.png">
      <Filter>Fichiers de ressources</Filter>
    </Image>
    <Image Include="sprite_mousquetaire.png">
      <Filter>Fichiers de ressources</Filter>
    </Image>
    <Image Include="triste.png">
      <Filter>Fichiers de ressources</Filter>
    </Image>
  </ItemGroup>
  <ItemGroup>
    <ClInclude Include="PNJ.h">
      <Filter>Fichiers d%27en-tête</Filter>
    </ClInclude>
  </ItemGroup>
  <ItemGroup>
    <Font Include="calibri.ttf" />
  </ItemGroup>
  <ItemGroup>
    <Object Include="Release\main.obj" />
    <Object Include="Release\PNJ.obj" />
  </ItemGroup>
  <ItemGroup>
    <Text Include="Release\RPG_Dixit.Build.CppClean.log" />
    <Text Include="Release\RPG_Dixit.log" />
  </ItemGroup>
  <ItemGroup>
    <None Include="Release\vc141.pdb" />
    <None Include="Release\RPG_Dixit.tlog\CL.command.1.tlog" />
    <None Include="Release\RPG_Dixit.tlog\CL.read.1.tlog" />
    <None Include="Release\RPG_Dixit.tlog\CL.write.1.tlog" />
    <None Include="Release\RPG_Dixit.tlog\link.command.1.tlog" />
    <None Include="Release\RPG_Dixit.tlog\link.read.1.tlog" />
    <None Include="Release\RPG_Dixit.tlog\link.write.1.tlog" />
    <None Include="Release\RPG_Dixit.tlog\RPG_Dixit.lastbuildstate" />
    <None Include="Release\RPG_Dixit.tlog\unsuccessfulbuild" />
  </ItemGroup>
</Project>